{
  "version": 4,
  "terraform_version": "0.12.20",
  "serial": 10,
  "lineage": "9dc0ff1a-11c8-88f1-c59d-94fcd7a22c36",
  "outputs": {},
  "resources": [
    {
      "mode": "managed",
      "type": "openstack_compute_floatingip_associate_v2",
      "name": "http",
      "provider": "provider.openstack",
      "instances": [
        {
          "schema_version": 0,
          "attributes": {
            "fixed_ip": "",
            "floating_ip": "10.0.0.53",
            "id": "10.0.0.53/0b497b38-eaca-417f-8c71-f7fbbd08b381/",
            "instance_id": "0b497b38-eaca-417f-8c71-f7fbbd08b381",
            "region": "RegionOne",
            "timeouts": null,
            "wait_until_associated": null
          },
          "private": "eyJlMmJmYjczMC1lY2FhLTExZTYtOGY4OC0zNDM2M2JjN2M0YzAiOnsiY3JlYXRlIjo2MDAwMDAwMDAwMDB9fQ==",
          "dependencies": [
            "openstack_compute_instance_v2.http",
            "openstack_compute_keypair_v2.user_key",
            "openstack_networking_floatingip_v2.http",
            "openstack_networking_network_v2.generic",
            "openstack_networking_port_v2.http",
            "openstack_networking_subnet_v2.http"
          ]
        }
      ]
    },
    {
      "mode": "managed",
      "type": "openstack_compute_instance_v2",
      "name": "http",
      "provider": "provider.openstack",
      "instances": [
        {
          "schema_version": 0,
          "attributes": {
            "access_ip_v4": "192.168.1.14",
            "access_ip_v6": "",
            "admin_pass": null,
            "all_metadata": {},
            "all_tags": [],
            "availability_zone": "nova",
            "block_device": [],
            "config_drive": null,
            "flavor_id": "9b8c4bd5-b99a-4f63-a7e9-4ac90e95b11b",
            "flavor_name": "m1.large",
            "floating_ip": null,
            "force_delete": false,
            "id": "0b497b38-eaca-417f-8c71-f7fbbd08b381",
            "image_id": "31653efa-4505-454f-bbc1-7b0bfa82cb4f",
            "image_name": "Ubuntu19.04",
            "key_pair": "sainu2",
            "metadata": null,
            "name": "k8s-hardway",
            "network": [
              {
                "access_network": false,
                "fixed_ip_v4": "192.168.1.14",
                "fixed_ip_v6": "",
                "floating_ip": "",
                "mac": "fa:16:3e:f3:7f:ac",
                "name": "network-generic",
                "port": "19427ab3-5dee-42c9-baee-8933bd8b3ec7",
                "uuid": "6fcb26d0-13a4-431f-8dc7-78427d075629"
              }
            ],
            "personality": [],
            "power_state": "active",
            "region": "RegionOne",
            "scheduler_hints": [],
            "security_groups": [
              "default"
            ],
            "stop_before_destroy": false,
            "tags": null,
            "timeouts": null,
            "user_data": "c27f4e3ede2f1c6f1df285e2361553837c15a4e4",
            "vendor_options": [],
            "volume": []
          },
          "private": "eyJlMmJmYjczMC1lY2FhLTExZTYtOGY4OC0zNDM2M2JjN2M0YzAiOnsiY3JlYXRlIjoxODAwMDAwMDAwMDAwLCJkZWxldGUiOjE4MDAwMDAwMDAwMDAsInVwZGF0ZSI6MTgwMDAwMDAwMDAwMH19",
          "dependencies": [
            "openstack_compute_keypair_v2.user_key",
            "openstack_networking_network_v2.generic",
            "openstack_networking_port_v2.http",
            "openstack_networking_subnet_v2.http"
          ]
        }
      ]
    },
    {
      "mode": "managed",
      "type": "openstack_compute_keypair_v2",
      "name": "user_key",
      "provider": "provider.openstack",
      "instances": [
        {
          "schema_version": 0,
          "attributes": {
            "fingerprint": "c4:f7:25:95:7a:bf:f6:f6:b5:94:36:48:a4:ac:77:69",
            "id": "sainu2",
            "name": "sainu2",
            "private_key": "",
            "public_key": "ssh-rsa AAAAB3NzaC1yc2EAAAADAQABAAABAQDGB9caSUHBx8d4TOyxc4w24YR5VZ/j2I2PBSkGQYleYiUI4lsJele3oKdSYgCW5M9ftnjJOkOS6x4d45x8POZL6vlAZOywPLtB1St/KZtBIL2QXYIwOmEO2OoGf8ZU1ZqYbFODZvSTsPCYVDQuWBc8mRE3Wi6pok2HcbksVxhMBNfNevkSdo85yySE5HX3K+oQeVrcJUXfkccnjnqwEyrq36foshHpGRNuCFhYqwUy+eKeYegaFgKKHaYaIWhX3xK7///ATyxaTCF43nBR7d4xza25+BarVNM6XwlebCvgt6FbMUoim9dEXurIGzGgQku393UZj9sInaD6O9fxVJ15 endpoint@endpoint",
            "region": "RegionOne",
            "value_specs": null
          },
          "private": "bnVsbA=="
        }
      ]
    },
    {
      "mode": "managed",
      "type": "openstack_networking_floatingip_v2",
      "name": "http",
      "provider": "provider.openstack",
      "instances": [
        {
          "schema_version": 0,
          "attributes": {
            "address": "10.0.0.53",
            "all_tags": [],
            "description": "",
            "dns_domain": "",
            "dns_name": "",
            "fixed_ip": "",
            "id": "64e6209e-77b0-440a-85ae-2b72076146b8",
            "pool": "INTERNET",
            "port_id": "",
            "region": "RegionOne",
            "subnet_id": null,
            "tags": null,
            "tenant_id": "2ecb1cd7aed742d4b5b9c7b9604f724a",
            "timeouts": null,
            "value_specs": null
          },
          "private": "eyJlMmJmYjczMC1lY2FhLTExZTYtOGY4OC0zNDM2M2JjN2M0YzAiOnsiY3JlYXRlIjo2MDAwMDAwMDAwMDAsImRlbGV0ZSI6NjAwMDAwMDAwMDAwfX0="
        }
      ]
    },
    {
      "mode": "managed",
      "type": "openstack_networking_network_v2",
      "name": "generic",
      "provider": "provider.openstack",
      "instances": [
        {
          "schema_version": 0,
          "attributes": {
            "admin_state_up": true,
            "all_tags": [],
            "availability_zone_hints": [],
            "description": "",
            "dns_domain": "",
            "external": false,
            "id": "6fcb26d0-13a4-431f-8dc7-78427d075629",
            "mtu": 1450,
            "name": "network-generic",
            "port_security_enabled": true,
            "qos_policy_id": "",
            "region": "RegionOne",
            "segments": [],
            "shared": false,
            "tags": null,
            "tenant_id": "2ecb1cd7aed742d4b5b9c7b9604f724a",
            "timeouts": null,
            "transparent_vlan": false,
            "value_specs": null
          },
          "private": "eyJlMmJmYjczMC1lY2FhLTExZTYtOGY4OC0zNDM2M2JjN2M0YzAiOnsiY3JlYXRlIjo2MDAwMDAwMDAwMDAsImRlbGV0ZSI6NjAwMDAwMDAwMDAwfX0="
        }
      ]
    },
    {
      "mode": "managed",
      "type": "openstack_networking_port_v2",
      "name": "http",
      "provider": "provider.openstack",
      "instances": [
        {
          "schema_version": 0,
          "attributes": {
            "admin_state_up": true,
            "all_fixed_ips": [
              "192.168.1.14"
            ],
            "all_security_group_ids": [
              "20d7823c-8644-4aa8-b89a-906a0a265d2b"
            ],
            "all_tags": [],
            "allowed_address_pairs": [],
            "binding": [
              {
                "host_id": "",
                "profile": "{}",
                "vif_details": {},
                "vif_type": "unbound",
                "vnic_type": "normal"
              }
            ],
            "description": "",
            "device_id": "",
            "device_owner": "",
            "dns_assignment": [],
            "dns_name": "",
            "extra_dhcp_option": [],
            "fixed_ip": [
              {
                "ip_address": "",
                "subnet_id": "1710294b-c975-483a-b33c-c4b75a56efa8"
              }
            ],
            "id": "19427ab3-5dee-42c9-baee-8933bd8b3ec7",
            "mac_address": "fa:16:3e:f3:7f:ac",
            "name": "port-instance-http",
            "network_id": "6fcb26d0-13a4-431f-8dc7-78427d075629",
            "no_fixed_ip": null,
            "no_security_groups": null,
            "port_security_enabled": true,
            "qos_policy_id": "",
            "region": "RegionOne",
            "security_group_ids": [
              "20d7823c-8644-4aa8-b89a-906a0a265d2b"
            ],
            "tags": null,
            "tenant_id": "2ecb1cd7aed742d4b5b9c7b9604f724a",
            "timeouts": null,
            "value_specs": null
          },
          "private": "eyJlMmJmYjczMC1lY2FhLTExZTYtOGY4OC0zNDM2M2JjN2M0YzAiOnsiY3JlYXRlIjo2MDAwMDAwMDAwMDAsImRlbGV0ZSI6NjAwMDAwMDAwMDAwfX0=",
          "dependencies": [
            "openstack_networking_network_v2.generic",
            "openstack_networking_subnet_v2.http"
          ]
        }
      ]
    },
    {
      "mode": "managed",
      "type": "openstack_networking_router_interface_v2",
      "name": "http",
      "provider": "provider.openstack",
      "instances": [
        {
          "schema_version": 0,
          "attributes": {
            "id": "82b1129b-09c6-42f7-9116-14073f1540fa",
            "port_id": "82b1129b-09c6-42f7-9116-14073f1540fa",
            "region": "RegionOne",
            "router_id": "88ba275e-84c8-4eb2-bba4-b2788e71ae17",
            "subnet_id": "1710294b-c975-483a-b33c-c4b75a56efa8",
            "timeouts": null
          },
          "private": "eyJlMmJmYjczMC1lY2FhLTExZTYtOGY4OC0zNDM2M2JjN2M0YzAiOnsiY3JlYXRlIjo2MDAwMDAwMDAwMDAsImRlbGV0ZSI6NjAwMDAwMDAwMDAwfX0=",
          "dependencies": [
            "openstack_networking_network_v2.generic",
            "openstack_networking_router_v2.generic",
            "openstack_networking_subnet_v2.http"
          ]
        }
      ]
    },
    {
      "mode": "managed",
      "type": "openstack_networking_router_v2",
      "name": "generic",
      "provider": "provider.openstack",
      "instances": [
        {
          "schema_version": 0,
          "attributes": {
            "admin_state_up": true,
            "all_tags": [],
            "availability_zone_hints": [],
            "description": "",
            "distributed": false,
            "enable_snat": true,
            "external_fixed_ip": [
              {
                "ip_address": "10.0.0.33",
                "subnet_id": "cb7b3a31-fa11-49c1-ab5d-9cb75fbdca64"
              }
            ],
            "external_gateway": "7fa01810-c38f-467f-bded-8baa474c18cb",
            "external_network_id": "7fa01810-c38f-467f-bded-8baa474c18cb",
            "id": "88ba275e-84c8-4eb2-bba4-b2788e71ae17",
            "name": "router-generic",
            "region": "RegionOne",
            "tags": null,
            "tenant_id": "2ecb1cd7aed742d4b5b9c7b9604f724a",
            "timeouts": null,
            "value_specs": null,
            "vendor_options": []
          },
          "private": "eyJlMmJmYjczMC1lY2FhLTExZTYtOGY4OC0zNDM2M2JjN2M0YzAiOnsiY3JlYXRlIjo2MDAwMDAwMDAwMDAsImRlbGV0ZSI6NjAwMDAwMDAwMDAwfX0="
        }
      ]
    },
    {
      "mode": "managed",
      "type": "openstack_networking_subnet_v2",
      "name": "http",
      "provider": "provider.openstack",
      "instances": [
        {
          "schema_version": 0,
          "attributes": {
            "all_tags": [],
            "allocation_pool": [
              {
                "end": "192.168.1.254",
                "start": "192.168.1.2"
              }
            ],
            "allocation_pools": [
              {
                "end": "192.168.1.254",
                "start": "192.168.1.2"
              }
            ],
            "cidr": "192.168.1.0/24",
            "description": "",
            "dns_nameservers": [
              "8.8.8.8",
              "8.8.8.4"
            ],
            "enable_dhcp": true,
            "gateway_ip": "192.168.1.1",
            "host_routes": [],
            "id": "1710294b-c975-483a-b33c-c4b75a56efa8",
            "ip_version": 4,
            "ipv6_address_mode": "",
            "ipv6_ra_mode": "",
            "name": "openshit-internal_subnet",
            "network_id": "6fcb26d0-13a4-431f-8dc7-78427d075629",
            "no_gateway": false,
            "prefix_length": null,
            "region": "RegionOne",
            "subnetpool_id": "",
            "tags": null,
            "tenant_id": "2ecb1cd7aed742d4b5b9c7b9604f724a",
            "timeouts": null,
            "value_specs": null
          },
          "private": "eyJlMmJmYjczMC1lY2FhLTExZTYtOGY4OC0zNDM2M2JjN2M0YzAiOnsiY3JlYXRlIjo2MDAwMDAwMDAwMDAsImRlbGV0ZSI6NjAwMDAwMDAwMDAwfX0=",
          "dependencies": [
            "openstack_networking_network_v2.generic"
          ]
        }
      ]
    }
  ]
}
