{
  "version": 4,
  "terraform_version": "0.12.20",
  "serial": 18,
  "lineage": "071a4b71-6295-3395-cd37-f0e765c6309b",
  "outputs": {},
  "resources": [
    {
      "mode": "managed",
      "type": "openstack_compute_floatingip_associate_v2",
      "name": "http",
      "provider": "provider.openstack",
      "instances": [
        {
          "schema_version": 0,
          "attributes": {
            "fixed_ip": "",
            "floating_ip": "10.0.0.31",
            "id": "10.0.0.31/d8406b5d-5f24-4ef0-a7f0-982c3ee12fcb/",
            "instance_id": "d8406b5d-5f24-4ef0-a7f0-982c3ee12fcb",
            "region": "RegionOne",
            "timeouts": null,
            "wait_until_associated": null
          },
          "private": "eyJlMmJmYjczMC1lY2FhLTExZTYtOGY4OC0zNDM2M2JjN2M0YzAiOnsiY3JlYXRlIjo2MDAwMDAwMDAwMDB9fQ==",
          "dependencies": [
            "openstack_compute_instance_v2.http",
            "openstack_compute_keypair_v2.user_key",
            "openstack_networking_floatingip_v2.http",
            "openstack_networking_port_v2.http"
          ]
        }
      ]
    },
    {
      "mode": "managed",
      "type": "openstack_compute_instance_v2",
      "name": "http",
      "provider": "provider.openstack",
      "instances": [
        {
          "schema_version": 0,
          "attributes": {
            "access_ip_v4": "192.168.1.13",
            "access_ip_v6": "",
            "admin_pass": null,
            "all_metadata": {},
            "all_tags": [],
            "availability_zone": "nova",
            "block_device": [],
            "config_drive": null,
            "flavor_id": "5d9659fa-ce04-40b7-947b-2fc3c852fddb",
            "flavor_name": "airship.normal",
            "floating_ip": null,
            "force_delete": false,
            "id": "d8406b5d-5f24-4ef0-a7f0-982c3ee12fcb",
            "image_id": "c5559b0f-f493-44f6-82d5-91079d834c68",
            "image_name": "Ubuntu16.04",
            "key_pair": "sainusahib",
            "metadata": null,
            "name": "terraform_http",
            "network": [
              {
                "access_network": false,
                "fixed_ip_v4": "192.168.1.13",
                "fixed_ip_v6": "",
                "floating_ip": "",
                "mac": "fa:16:3e:2c:7e:e1",
                "name": "network-generic",
                "port": "2a0e0f65-9004-4487-9692-aba9fb2b3870",
                "uuid": "60f3d049-59c9-4aa2-b5e5-b8cf8d70666d"
              }
            ],
            "personality": [],
            "power_state": "active",
            "region": "RegionOne",
            "scheduler_hints": [],
            "security_groups": [
              "http",
              "ssh"
            ],
            "stop_before_destroy": false,
            "tags": null,
            "timeouts": null,
            "user_data": "c27f4e3ede2f1c6f1df285e2361553837c15a4e4",
            "vendor_options": [],
            "volume": []
          },
          "private": "eyJlMmJmYjczMC1lY2FhLTExZTYtOGY4OC0zNDM2M2JjN2M0YzAiOnsiY3JlYXRlIjoxODAwMDAwMDAwMDAwLCJkZWxldGUiOjE4MDAwMDAwMDAwMDAsInVwZGF0ZSI6MTgwMDAwMDAwMDAwMH19",
          "dependencies": [
            "openstack_compute_keypair_v2.user_key",
            "openstack_networking_port_v2.http"
          ]
        }
      ]
    },
    {
      "mode": "managed",
      "type": "openstack_compute_keypair_v2",
      "name": "user_key",
      "provider": "provider.openstack",
      "instances": [
        {
          "schema_version": 0,
          "attributes": {
            "fingerprint": "c4:f7:25:95:7a:bf:f6:f6:b5:94:36:48:a4:ac:77:69",
            "id": "sainusahib",
            "name": "sainusahib",
            "private_key": "",
            "public_key": "ssh-rsa AAAAB3NzaC1yc2EAAAADAQABAAABAQDGB9caSUHBx8d4TOyxc4w24YR5VZ/j2I2PBSkGQYleYiUI4lsJele3oKdSYgCW5M9ftnjJOkOS6x4d45x8POZL6vlAZOywPLtB1St/KZtBIL2QXYIwOmEO2OoGf8ZU1ZqYbFODZvSTsPCYVDQuWBc8mRE3Wi6pok2HcbksVxhMBNfNevkSdo85yySE5HX3K+oQeVrcJUXfkccnjnqwEyrq36foshHpGRNuCFhYqwUy+eKeYegaFgKKHaYaIWhX3xK7///ATyxaTCF43nBR7d4xza25+BarVNM6XwlebCvgt6FbMUoim9dEXurIGzGgQku393UZj9sInaD6O9fxVJ15 endpoint@endpoint",
            "region": "RegionOne",
            "value_specs": null
          },
          "private": "bnVsbA=="
        }
      ]
    },
    {
      "mode": "managed",
      "type": "openstack_compute_secgroup_v2",
      "name": "http",
      "provider": "provider.openstack",
      "instances": [
        {
          "schema_version": 0,
          "attributes": {
            "description": "Open input http port",
            "id": "b40aee06-12e1-4ddf-af2a-77def7902ffe",
            "name": "http",
            "region": "RegionOne",
            "rule": [
              {
                "cidr": "0.0.0.0/0",
                "from_group_id": "",
                "from_port": 80,
                "id": "dc5e15f8-c552-4a0e-9940-194fd2fc9318",
                "ip_protocol": "tcp",
                "self": false,
                "to_port": 80
              }
            ],
            "timeouts": null
          },
          "private": "eyJlMmJmYjczMC1lY2FhLTExZTYtOGY4OC0zNDM2M2JjN2M0YzAiOnsiZGVsZXRlIjo2MDAwMDAwMDAwMDB9fQ=="
        }
      ]
    },
    {
      "mode": "managed",
      "type": "openstack_compute_secgroup_v2",
      "name": "ssh",
      "provider": "provider.openstack",
      "instances": [
        {
          "schema_version": 0,
          "attributes": {
            "description": "Open input ssh port",
            "id": "dff4adf3-576f-43ac-a699-1b6502dc30e4",
            "name": "ssh",
            "region": "RegionOne",
            "rule": [
              {
                "cidr": "0.0.0.0/0",
                "from_group_id": "",
                "from_port": 22,
                "id": "2663a71e-fb07-498b-ba2b-d60b7834f5e4",
                "ip_protocol": "tcp",
                "self": false,
                "to_port": 22
              }
            ],
            "timeouts": null
          },
          "private": "eyJlMmJmYjczMC1lY2FhLTExZTYtOGY4OC0zNDM2M2JjN2M0YzAiOnsiZGVsZXRlIjo2MDAwMDAwMDAwMDB9fQ=="
        }
      ]
    },
    {
      "mode": "managed",
      "type": "openstack_networking_floatingip_v2",
      "name": "http",
      "provider": "provider.openstack",
      "instances": [
        {
          "schema_version": 0,
          "attributes": {
            "address": "10.0.0.31",
            "all_tags": [],
            "description": "",
            "dns_domain": "",
            "dns_name": "",
            "fixed_ip": "192.168.1.13",
            "id": "27669f5d-9706-4637-a4e4-e46ac3998614",
            "pool": "INTERNET",
            "port_id": "2a0e0f65-9004-4487-9692-aba9fb2b3870",
            "region": "RegionOne",
            "subnet_id": null,
            "tags": [],
            "tenant_id": "2ecb1cd7aed742d4b5b9c7b9604f724a",
            "timeouts": null,
            "value_specs": null
          },
          "private": "eyJlMmJmYjczMC1lY2FhLTExZTYtOGY4OC0zNDM2M2JjN2M0YzAiOnsiY3JlYXRlIjo2MDAwMDAwMDAwMDAsImRlbGV0ZSI6NjAwMDAwMDAwMDAwfX0="
        }
      ]
    },
    {
      "mode": "managed",
      "type": "openstack_networking_network_v2",
      "name": "generic",
      "provider": "provider.openstack",
      "instances": [
        {
          "schema_version": 0,
          "attributes": {
            "admin_state_up": true,
            "all_tags": [],
            "availability_zone_hints": [],
            "description": "",
            "dns_domain": "",
            "external": false,
            "id": "60f3d049-59c9-4aa2-b5e5-b8cf8d70666d",
            "mtu": 1450,
            "name": "network-generic",
            "port_security_enabled": true,
            "qos_policy_id": "",
            "region": "RegionOne",
            "segments": [],
            "shared": false,
            "tags": [],
            "tenant_id": "2ecb1cd7aed742d4b5b9c7b9604f724a",
            "timeouts": null,
            "transparent_vlan": false,
            "value_specs": null
          },
          "private": "eyJlMmJmYjczMC1lY2FhLTExZTYtOGY4OC0zNDM2M2JjN2M0YzAiOnsiY3JlYXRlIjo2MDAwMDAwMDAwMDAsImRlbGV0ZSI6NjAwMDAwMDAwMDAwfX0="
        }
      ]
    },
    {
      "mode": "managed",
      "type": "openstack_networking_port_v2",
      "name": "http",
      "provider": "provider.openstack",
      "instances": [
        {
          "schema_version": 0,
          "attributes": {
            "admin_state_up": true,
            "all_fixed_ips": [
              "192.168.1.13"
            ],
            "all_security_group_ids": [
              "b40aee06-12e1-4ddf-af2a-77def7902ffe",
              "dff4adf3-576f-43ac-a699-1b6502dc30e4"
            ],
            "all_tags": [],
            "allowed_address_pairs": [],
            "binding": [
              {
                "host_id": "",
                "profile": "{}",
                "vif_details": {},
                "vif_type": "unbound",
                "vnic_type": "normal"
              }
            ],
            "description": "",
            "device_id": "",
            "device_owner": "",
            "dns_assignment": [],
            "dns_name": "",
            "extra_dhcp_option": [],
            "fixed_ip": [
              {
                "ip_address": "",
                "subnet_id": "c0c22d4d-3e29-4224-bae5-0c1ea8676e2e"
              }
            ],
            "id": "2a0e0f65-9004-4487-9692-aba9fb2b3870",
            "mac_address": "fa:16:3e:2c:7e:e1",
            "name": "port-instance-http",
            "network_id": "60f3d049-59c9-4aa2-b5e5-b8cf8d70666d",
            "no_fixed_ip": null,
            "no_security_groups": null,
            "port_security_enabled": true,
            "qos_policy_id": "",
            "region": "RegionOne",
            "security_group_ids": [
              "b40aee06-12e1-4ddf-af2a-77def7902ffe",
              "dff4adf3-576f-43ac-a699-1b6502dc30e4"
            ],
            "tags": [],
            "tenant_id": "2ecb1cd7aed742d4b5b9c7b9604f724a",
            "timeouts": null,
            "value_specs": null
          },
          "private": "eyJlMmJmYjczMC1lY2FhLTExZTYtOGY4OC0zNDM2M2JjN2M0YzAiOnsiY3JlYXRlIjo2MDAwMDAwMDAwMDAsImRlbGV0ZSI6NjAwMDAwMDAwMDAwfX0=",
          "dependencies": [
            "openstack_compute_secgroup_v2.http",
            "openstack_compute_secgroup_v2.ssh",
            "openstack_networking_network_v2.generic",
            "openstack_networking_subnet_v2.http"
          ]
        }
      ]
    },
    {
      "mode": "managed",
      "type": "openstack_networking_router_interface_v2",
      "name": "http",
      "provider": "provider.openstack",
      "instances": [
        {
          "schema_version": 0,
          "attributes": {
            "id": "241a2fdc-9c11-440a-9794-5f228212deac",
            "port_id": "241a2fdc-9c11-440a-9794-5f228212deac",
            "region": "RegionOne",
            "router_id": "e2f574c9-4dde-47ed-bc38-bc717f902674",
            "subnet_id": "c0c22d4d-3e29-4224-bae5-0c1ea8676e2e",
            "timeouts": null
          },
          "private": "eyJlMmJmYjczMC1lY2FhLTExZTYtOGY4OC0zNDM2M2JjN2M0YzAiOnsiY3JlYXRlIjo2MDAwMDAwMDAwMDAsImRlbGV0ZSI6NjAwMDAwMDAwMDAwfX0=",
          "dependencies": [
            "openstack_networking_router_v2.generic",
            "openstack_networking_subnet_v2.http"
          ]
        }
      ]
    },
    {
      "mode": "managed",
      "type": "openstack_networking_router_v2",
      "name": "generic",
      "provider": "provider.openstack",
      "instances": [
        {
          "schema_version": 0,
          "attributes": {
            "admin_state_up": true,
            "all_tags": [],
            "availability_zone_hints": [],
            "description": "",
            "distributed": false,
            "enable_snat": true,
            "external_fixed_ip": [
              {
                "ip_address": "10.0.0.14",
                "subnet_id": "cb7b3a31-fa11-49c1-ab5d-9cb75fbdca64"
              }
            ],
            "external_gateway": "7fa01810-c38f-467f-bded-8baa474c18cb",
            "external_network_id": "7fa01810-c38f-467f-bded-8baa474c18cb",
            "id": "e2f574c9-4dde-47ed-bc38-bc717f902674",
            "name": "router-generic",
            "region": "RegionOne",
            "tags": [],
            "tenant_id": "2ecb1cd7aed742d4b5b9c7b9604f724a",
            "timeouts": null,
            "value_specs": null,
            "vendor_options": []
          },
          "private": "eyJlMmJmYjczMC1lY2FhLTExZTYtOGY4OC0zNDM2M2JjN2M0YzAiOnsiY3JlYXRlIjo2MDAwMDAwMDAwMDAsImRlbGV0ZSI6NjAwMDAwMDAwMDAwfX0="
        }
      ]
    },
    {
      "mode": "managed",
      "type": "openstack_networking_subnet_v2",
      "name": "http",
      "provider": "provider.openstack",
      "instances": [
        {
          "schema_version": 0,
          "attributes": {
            "all_tags": [],
            "allocation_pool": [
              {
                "end": "192.168.1.254",
                "start": "192.168.1.2"
              }
            ],
            "allocation_pools": [
              {
                "end": "192.168.1.254",
                "start": "192.168.1.2"
              }
            ],
            "cidr": "192.168.1.0/24",
            "description": "",
            "dns_nameservers": [
              "8.8.8.8",
              "8.8.8.4"
            ],
            "enable_dhcp": true,
            "gateway_ip": "192.168.1.1",
            "host_routes": [],
            "id": "c0c22d4d-3e29-4224-bae5-0c1ea8676e2e",
            "ip_version": 4,
            "ipv6_address_mode": "",
            "ipv6_ra_mode": "",
            "name": "openshit-internal_subnet",
            "network_id": "60f3d049-59c9-4aa2-b5e5-b8cf8d70666d",
            "no_gateway": false,
            "prefix_length": null,
            "region": "RegionOne",
            "subnetpool_id": "",
            "tags": [],
            "tenant_id": "2ecb1cd7aed742d4b5b9c7b9604f724a",
            "timeouts": null,
            "value_specs": null
          },
          "private": "eyJlMmJmYjczMC1lY2FhLTExZTYtOGY4OC0zNDM2M2JjN2M0YzAiOnsiY3JlYXRlIjo2MDAwMDAwMDAwMDAsImRlbGV0ZSI6NjAwMDAwMDAwMDAwfX0=",
          "dependencies": [
            "openstack_networking_network_v2.generic"
          ]
        }
      ]
    }
  ]
}
